
Microsoft Visual Studio Solution File, Format Version 12.00
# Visual Studio Version 16
VisualStudioVersion = 16.0.30204.135
MinimumVisualStudioVersion = 10.0.40219.1
Project("{9A19103F-16F7-4668-BE54-9A1E7A4F7556}") = "WebApplication1", "WebApplication1\WebApplication1.csproj", "{39E39996-3A36-4399-8D83-FC8431573A11}"
EndProject
Global
	GlobalSection(SolutionConfigurationPlatforms) = preSolution
		Debug|Any CPU = Debug|Any CPU
		Release|Any CPU = Release|Any CPU
	EndGlobalSection
	GlobalSection(ProjectConfigurationPlatforms) = postSolution
		{39E39996-3A36-4399-8D83-FC8431573A11}.Debug|Any CPU.ActiveCfg = Debug|Any CPU
		{39E39996-3A36-4399-8D83-FC8431573A11}.Debug|Any CPU.Build.0 = Debug|Any CPU
		{39E39996-3A36-4399-8D83-FC8431573A11}.Release|Any CPU.ActiveCfg = Release|Any CPU
		{39E39996-3A36-4399-8D83-FC8431573A11}.Release|Any CPU.Build.0 = Release|Any CPU
	EndGlobalSection
	GlobalSection(SolutionProperties) = preSolution
		HideSolutionNode = FALSE
	EndGlobalSection
	GlobalSection(ExtensibilityGlobals) = postSolution
		SolutionGuid = {4CE90659-911A-4F62-8985-C831892C6C04}
	EndGlobalSection
EndGlobal
